<?xml version="1.0" encoding="utf-8"?>
<Project ToolsVersion="4.0" xmlns="http://schemas.microsoft.com/developer/msbuild/2003">
  <ItemGroup>
    <Filter Include="Source Files">
      <UniqueIdentifier>{4FC737F1-C7A5-4376-A066-2A32D752A2FF}</UniqueIdentifier>
      <Extensions>cpp;c;cc;cxx;def;odl;idl;hpj;bat;asm;asmx</Extensions>
    </Filter>
    <Filter Include="Header Files">
      <UniqueIdentifier>{93995380-89BD-4b04-88EB-625FBE52EBFB}</UniqueIdentifier>
      <Extensions>h;hh;hpp;hxx;hm;inl;inc;xsd</Extensions>
    </Filter>
    <Filter Include="Resource Files">
      <UniqueIdentifier>{67DA6AB6-F800-4c08-8B7A-83BB121AAD01}</UniqueIdentifier>
      <Extensions>rc;ico;cur;bmp;dlg;rc2;rct;bin;rgs;gif;jpg;jpeg;jpe;resx;tiff;tif;png;wav;mfcribbon-ms</Extensions>
    </Filter>
    <Filter Include="Animation">
      <UniqueIdentifier>{5fffe7fd-6d32-49b9-9be2-3f352d3a7ad7}</UniqueIdentifier>
    </Filter>
    <Filter Include="Player">
      <UniqueIdentifier>{03bc1649-a198-45b5-9672-0baa579d9c4b}</UniqueIdentifier>
    </Filter>
    <Filter Include="Camera">
      <UniqueIdentifier>{92ee7ff8-28e4-454e-92b2-9ea10558adb1}</UniqueIdentifier>
    </Filter>
    <Filter Include="Grid">
      <UniqueIdentifier>{febad177-2071-471d-899d-430eebaf2906}</UniqueIdentifier>
    </Filter>
    <Filter Include="Objets">
      <UniqueIdentifier>{18e4d149-9a37-4a1f-95c5-96085519ed43}</UniqueIdentifier>
    </Filter>
    <Filter Include="Item">
      <UniqueIdentifier>{381d6f39-312f-4e64-ad81-0f83491a9756}</UniqueIdentifier>
    </Filter>
    <Filter Include="Map">
      <UniqueIdentifier>{c20797c8-cafd-45fc-a120-691817fe23c1}</UniqueIdentifier>
    </Filter>
    <Filter Include="Sound">
      <UniqueIdentifier>{b15a8cfd-7394-4be9-a3ef-222080225295}</UniqueIdentifier>
    </Filter>
    <Filter Include="States">
      <UniqueIdentifier>{1dd7d74b-6d0c-4193-951a-d4344f235d5b}</UniqueIdentifier>
    </Filter>
    <Filter Include="Objets\Enemies">
      <UniqueIdentifier>{c3079758-5f27-4ccd-a454-07485b9990d6}</UniqueIdentifier>
    </Filter>
    <Filter Include="Player\SubWp">
      <UniqueIdentifier>{ca9f43ec-259f-46d2-9551-d995ca8c9efc}</UniqueIdentifier>
    </Filter>
    <Filter Include="Objets\Effect">
      <UniqueIdentifier>{c74298ab-72be-4268-97d8-6a3a34efe276}</UniqueIdentifier>
    </Filter>
  </ItemGroup>
  <ItemGroup>
    <ClInclude Include="debug.h">
      <Filter>Header Files</Filter>
    </ClInclude>
    <ClInclude Include="Game.h">
      <Filter>Header Files</Filter>
    </ClInclude>
    <ClInclude Include="GameObject.h">
      <Filter>Header Files</Filter>
    </ClInclude>
    <ClInclude Include="Sprite.h">
      <Filter>Animation</Filter>
    </ClInclude>
    <ClInclude Include="Texture.h">
      <Filter>Animation</Filter>
    </ClInclude>
    <ClInclude Include="Simon.h">
      <Filter>Player</Filter>
    </ClInclude>
    <ClInclude Include="Camera.h">
      <Filter>Camera</Filter>
    </ClInclude>
    <ClInclude Include="Grid.h">
      <Filter>Grid</Filter>
    </ClInclude>
    <ClInclude Include="LargeCandle.h">
      <Filter>Objets</Filter>
    </ClInclude>
    <ClInclude Include="Whip.h">
      <Filter>Player</Filter>
    </ClInclude>
    <ClInclude Include="Item.h">
      <Filter>Item</Filter>
    </ClInclude>
    <ClInclude Include="Brick.h">
      <Filter>Objets</Filter>
    </ClInclude>
    <ClInclude Include="TileMap.h">
      <Filter>Map</Filter>
    </ClInclude>
    <ClInclude Include="UI.h">
      <Filter>Map</Filter>
    </ClInclude>
    <ClInclude Include="GameStateOne.h">
      <Filter>States</Filter>
    </ClInclude>
    <ClInclude Include="GameState.h">
      <Filter>States</Filter>
    </ClInclude>
    <ClInclude Include="GameStateTwo.h">
      <Filter>States</Filter>
    </ClInclude>
    <ClInclude Include="GameStateManager.h">
      <Filter>States</Filter>
    </ClInclude>
    <ClInclude Include="CheckPoint.h">
      <Filter>Objets</Filter>
    </ClInclude>
    <ClInclude Include="HiddenStair.h">
      <Filter>Objets</Filter>
    </ClInclude>
    <ClInclude Include="Door.h">
      <Filter>Objets</Filter>
    </ClInclude>
    <ClInclude Include="Candle.h">
      <Filter>Objets</Filter>
    </ClInclude>
    <ClInclude Include="Merman.h">
      <Filter>Objets\Enemies</Filter>
    </ClInclude>
    <ClInclude Include="Pander.h">
      <Filter>Objets\Enemies</Filter>
    </ClInclude>
    <ClInclude Include="Zombie.h">
      <Filter>Objets\Enemies</Filter>
    </ClInclude>
    <ClInclude Include="Bat.h">
      <Filter>Objets\Enemies</Filter>
    </ClInclude>
    <ClInclude Include="SubWeapon.h">
      <Filter>Player\SubWp</Filter>
    </ClInclude>
    <ClInclude Include="Knife.h">
      <Filter>Player\SubWp</Filter>
    </ClInclude>
    <ClInclude Include="Axe.h">
      <Filter>Player\SubWp</Filter>
    </ClInclude>
    <ClInclude Include="HitEffect.h">
      <Filter>Objets\Effect</Filter>
    </ClInclude>
    <ClInclude Include="DeadEffect.h">
      <Filter>Objets\Effect</Filter>
    </ClInclude>
    <ClInclude Include="dsutil.h">
      <Filter>Sound</Filter>
    </ClInclude>
    <ClInclude Include="dxsound.h">
      <Filter>Sound</Filter>
    </ClInclude>
    <ClInclude Include="dxutil.h">
      <Filter>Sound</Filter>
    </ClInclude>
    <ClInclude Include="Sound.h">
      <Filter>Sound</Filter>
    </ClInclude>
    <ClInclude Include="WaterEffect.h">
      <Filter>Objets\Effect</Filter>
    </ClInclude>
  </ItemGroup>
  <ItemGroup>
    <ClCompile Include="debug.cpp">
      <Filter>Source Files</Filter>
    </ClCompile>
    <ClCompile Include="Game.cpp">
      <Filter>Source Files</Filter>
    </ClCompile>
    <ClCompile Include="GameObject.cpp">
      <Filter>Source Files</Filter>
    </ClCompile>
    <ClCompile Include="main.cpp">
      <Filter>Source Files</Filter>
    </ClCompile>
    <ClCompile Include="Sprite.cpp">
      <Filter>Animation</Filter>
    </ClCompile>
    <ClCompile Include="Texture.cpp">
      <Filter>Animation</Filter>
    </ClCompile>
    <ClCompile Include="Simon.cpp">
      <Filter>Player</Filter>
    </ClCompile>
    <ClCompile Include="Camera.cpp">
      <Filter>Camera</Filter>
    </ClCompile>
    <ClCompile Include="Grid.cpp">
      <Filter>Grid</Filter>
    </ClCompile>
    <ClCompile Include="LargeCandle.cpp">
      <Filter>Objets</Filter>
    </ClCompile>
    <ClCompile Include="Whip.cpp">
      <Filter>Player</Filter>
    </ClCompile>
    <ClCompile Include="Item.cpp">
      <Filter>Item</Filter>
    </ClCompile>
    <ClCompile Include="Brick.cpp">
      <Filter>Objets</Filter>
    </ClCompile>
    <ClCompile Include="TileMap.cpp">
      <Filter>Map</Filter>
    </ClCompile>
    <ClCompile Include="UI.cpp">
      <Filter>Map</Filter>
    </ClCompile>
    <ClCompile Include="GameStateOne.cpp">
      <Filter>States</Filter>
    </ClCompile>
    <ClCompile Include="GameState.cpp">
      <Filter>States</Filter>
    </ClCompile>
    <ClCompile Include="GameStateTwo.cpp">
      <Filter>States</Filter>
    </ClCompile>
    <ClCompile Include="GameStateManager.cpp">
      <Filter>States</Filter>
    </ClCompile>
    <ClCompile Include="CheckPoint.cpp">
      <Filter>Objets</Filter>
    </ClCompile>
    <ClCompile Include="HiddenStair.cpp">
      <Filter>Objets</Filter>
    </ClCompile>
    <ClCompile Include="Door.cpp">
      <Filter>Objets</Filter>
    </ClCompile>
    <ClCompile Include="Candle.cpp">
      <Filter>Objets</Filter>
    </ClCompile>
    <ClCompile Include="Merman.cpp">
      <Filter>Objets\Enemies</Filter>
    </ClCompile>
    <ClCompile Include="Pander.cpp">
      <Filter>Objets\Enemies</Filter>
    </ClCompile>
    <ClCompile Include="Zombie.cpp">
      <Filter>Objets\Enemies</Filter>
    </ClCompile>
    <ClCompile Include="Bat.cpp">
      <Filter>Objets\Enemies</Filter>
    </ClCompile>
    <ClCompile Include="SubWeapon.cpp">
      <Filter>Player\SubWp</Filter>
    </ClCompile>
    <ClCompile Include="Knife.cpp">
      <Filter>Player\SubWp</Filter>
    </ClCompile>
    <ClCompile Include="Axe.cpp">
      <Filter>Player\SubWp</Filter>
    </ClCompile>
    <ClCompile Include="HitEffect.cpp">
      <Filter>Objets\Effect</Filter>
    </ClCompile>
    <ClCompile Include="DeadEffect.cpp">
      <Filter>Objets\Effect</Filter>
    </ClCompile>
    <ClCompile Include="dsutil.cpp">
      <Filter>Sound</Filter>
    </ClCompile>
    <ClCompile Include="dxsound.cpp">
      <Filter>Sound</Filter>
    </ClCompile>
    <ClCompile Include="dxutil.cpp">
      <Filter>Sound</Filter>
    </ClCompile>
    <ClCompile Include="Sound.cpp">
      <Filter>Sound</Filter>
    </ClCompile>
    <ClCompile Include="WaterEffect.cpp">
      <Filter>Objets\Effect</Filter>
    </ClCompile>
  </ItemGroup>
</Project>